
Microsoft Visual Studio Solution File, Format Version 12.00
# Visual Studio Version 17
VisualStudioVersion = 17.10.34928.147
MinimumVisualStudioVersion = 10.0.40219.1
Project("{FAE04EC0-301F-11D3-BF4B-00C04F79EFBC}") = "model-binding-attributes", "model-binding-attributes\model-binding-attributes.csproj", "{7E227A69-19AB-482A-A998-C2B62EC303B2}"
EndProject
Global
	GlobalSection(SolutionConfigurationPlatforms) = preSolution
		Debug|Any CPU = Debug|Any CPU
		Release|Any CPU = Release|Any CPU
	EndGlobalSection
	GlobalSection(ProjectConfigurationPlatforms) = postSolution
		{7E227A69-19AB-482A-A998-C2B62EC303B2}.Debug|Any CPU.ActiveCfg = Debug|Any CPU
		{7E227A69-19AB-482A-A998-C2B62EC303B2}.Debug|Any CPU.Build.0 = Debug|Any CPU
		{7E227A69-19AB-482A-A998-C2B62EC303B2}.Release|Any CPU.ActiveCfg = Release|Any CPU
		{7E227A69-19AB-482A-A998-C2B62EC303B2}.Release|Any CPU.Build.0 = Release|Any CPU
	EndGlobalSection
	GlobalSection(SolutionProperties) = preSolution
		HideSolutionNode = FALSE
	EndGlobalSection
	GlobalSection(ExtensibilityGlobals) = postSolution
		SolutionGuid = {D67678A8-8B95-45C0-97B7-3A8B8A80DCDC}
	EndGlobalSection
EndGlobal
